
Microsoft Visual Studio Solution File, Format Version 12.00
# Visual Studio Version 16
VisualStudioVersion = 16.0.29613.14
MinimumVisualStudioVersion = 10.0.40219.1
Project("{FAE04EC0-301F-11D3-BF4B-00C04F79EFBC}") = "UseImageControls.aspx", "UseImageControls.aspx\UseImageControls.aspx.csproj", "{13861898-F53B-4021-9A7A-D8A028230005}"
EndProject
Global
	GlobalSection(SolutionConfigurationPlatforms) = preSolution
		Debug|Any CPU = Debug|Any CPU
		Release|Any CPU = Release|Any CPU
	EndGlobalSection
	GlobalSection(ProjectConfigurationPlatforms) = postSolution
		{13861898-F53B-4021-9A7A-D8A028230005}.Debug|Any CPU.ActiveCfg = Debug|Any CPU
		{13861898-F53B-4021-9A7A-D8A028230005}.Debug|Any CPU.Build.0 = Debug|Any CPU
		{13861898-F53B-4021-9A7A-D8A028230005}.Release|Any CPU.ActiveCfg = Release|Any CPU
		{13861898-F53B-4021-9A7A-D8A028230005}.Release|Any CPU.Build.0 = Release|Any CPU
	EndGlobalSection
	GlobalSection(SolutionProperties) = preSolution
		HideSolutionNode = FALSE
	EndGlobalSection
	GlobalSection(ExtensibilityGlobals) = postSolution
		SolutionGuid = {68C95EE1-44CA-43A1-931F-9444F8F68D7A}
	EndGlobalSection
EndGlobal
